// !$*UTF8*$!
{
	archiveVersion = 1;
	classes = {
	};
	objectVersion = 55;
	objects = {

/* Begin PBXBuildFile section */
		FC40C34A2765C2DF00506D72 /* UnsplashApp.swift in Sources */ = {isa = PBXBuildFile; fileRef = FC40C3492765C2DF00506D72 /* UnsplashApp.swift */; };
		FC40C34C2765C2DF00506D72 /* ContentView.swift in Sources */ = {isa = PBXBuildFile; fileRef = FC40C34B2765C2DF00506D72 /* ContentView.swift */; };
		FC40C34E2765C2DF00506D72 /* Assets.xcassets in Resources */ = {isa = PBXBuildFile; fileRef = FC40C34D2765C2DF00506D72 /* Assets.xcassets */; };
		FC40C3512765C2DF00506D72 /* Preview Assets.xcassets in Resources */ = {isa = PBXBuildFile; fileRef = FC40C3502765C2DF00506D72 /* Preview Assets.xcassets */; };
		FC40C35B2765C2DF00506D72 /* UnsplashTests.swift in Sources */ = {isa = PBXBuildFile; fileRef = FC40C35A2765C2DF00506D72 /* UnsplashTests.swift */; };
		FC40C3652765C2DF00506D72 /* UnsplashUITests.swift in Sources */ = {isa = PBXBuildFile; fileRef = FC40C3642765C2DF00506D72 /* UnsplashUITests.swift */; };
		FC40C3672765C2DF00506D72 /* UnsplashUITestsLaunchTests.swift in Sources */ = {isa = PBXBuildFile; fileRef = FC40C3662765C2DF00506D72 /* UnsplashUITestsLaunchTests.swift */; };
/* End PBXBuildFile section */

/* Begin PBXContainerItemProxy section */
		FC40C3572765C2DF00506D72 /* PBXContainerItemProxy */ = {
			isa = PBXContainerItemProxy;
			containerPortal = FC40C33E2765C2DF00506D72 /* Project object */;
			proxyType = 1;
			remoteGlobalIDString = FC40C3452765C2DF00506D72;
			remoteInfo = Unsplash;
		};
		FC40C3612765C2DF00506D72 /* PBXContainerItemProxy */ = {
			isa = PBXContainerItemProxy;
			containerPortal = FC40C33E2765C2DF00506D72 /* Project object */;
			proxyType = 1;
			remoteGlobalIDString = FC40C3452765C2DF00506D72;
			remoteInfo = Unsplash;
		};
/* End PBXContainerItemProxy section */

/* Begin PBXFileReference section */
		FC40C3462765C2DF00506D72 /* Unsplash.app */ = {isa = PBXFileReference; explicitFileType = wrapper.application; includeInIndex = 0; path = Unsplash.app; sourceTree = BUILT_PRODUCTS_DIR; };
		FC40C3492765C2DF00506D72 /* UnsplashApp.swift */ = {isa = PBXFileReference; lastKnownFileType = sourcecode.swift; path = UnsplashApp.swift; sourceTree = "<group>"; };
		FC40C34B2765C2DF00506D72 /* ContentView.swift */ = {isa = PBXFileReference; lastKnownFileType = sourcecode.swift; path = ContentView.swift; sourceTree = "<group>"; };
		FC40C34D2765C2DF00506D72 /* Assets.xcassets */ = {isa = PBXFileReference; lastKnownFileType = folder.assetcatalog; path = Assets.xcassets; sourceTree = "<group>"; };
		FC40C3502765C2DF00506D72 /* Preview Assets.xcassets */ = {isa = PBXFileReference; lastKnownFileType = folder.assetcatalog; path = "Preview Assets.xcassets"; sourceTree = "<group>"; };
		FC40C3562765C2DF00506D72 /* UnsplashTests.xctest */ = {isa = PBXFileReference; explicitFileType = wrapper.cfbundle; includeInIndex = 0; path = UnsplashTests.xctest; sourceTree = BUILT_PRODUCTS_DIR; };
		FC40C35A2765C2DF00506D72 /* UnsplashTests.swift */ = {isa = PBXFileReference; lastKnownFileType = sourcecode.swift; path = UnsplashTests.swift; sourceTree = "<group>"; };
		FC40C3602765C2DF00506D72 /* UnsplashUITests.xctest */ = {isa = PBXFileReference; explicitFileType = wrapper.cfbundle; includeInIndex = 0; path = UnsplashUITests.xctest; sourceTree = BUILT_PRODUCTS_DIR; };
		FC40C3642765C2DF00506D72 /* UnsplashUITests.swift */ = {isa = PBXFileReference; lastKnownFileType = sourcecode.swift; path = UnsplashUITests.swift; sourceTree = "<group>"; };
		FC40C3662765C2DF00506D72 /* UnsplashUITestsLaunchTests.swift */ = {isa = PBXFileReference; lastKnownFileType = sourcecode.swift; path = UnsplashUITestsLaunchTests.swift; sourceTree = "<group>"; };
/* End PBXFileReference section */

/* Begin PBXFrameworksBuildPhase section */
		FC40C3432765C2DF00506D72 /* Frameworks */ = {
			isa = PBXFrameworksBuildPhase;
			buildActionMask = 2147483647;
			files = (
			);
			runOnlyForDeploymentPostprocessing = 0;
		};
		FC40C3532765C2DF00506D72 /* Frameworks */ = {
			isa = PBXFrameworksBuildPhase;
			buildActionMask = 2147483647;
			files = (
			);
			runOnlyForDeploymentPostprocessing = 0;
		};
		FC40C35D2765C2DF00506D72 /* Frameworks */ = {
			isa = PBXFrameworksBuildPhase;
			buildActionMask = 2147483647;
			files = (
			);
			runOnlyForDeploymentPostprocessing = 0;
		};
/* End PBXFrameworksBuildPhase section */

/* Begin PBXGroup section */
		FC40C33D2765C2DF00506D72 = {
			isa = PBXGroup;
			children = (
				FC40C3482765C2DF00506D72 /* Unsplash */,
				FC40C3592765C2DF00506D72 /* UnsplashTests */,
				FC40C3632765C2DF00506D72 /* UnsplashUITests */,
				FC40C3472765C2DF00506D72 /* Products */,
			);
			sourceTree = "<group>";
		};
		FC40C3472765C2DF00506D72 /* Products */ = {
			isa = PBXGroup;
			children = (
				FC40C3462765C2DF00506D72 /* Unsplash.app */,
				FC40C3562765C2DF00506D72 /* UnsplashTests.xctest */,
				FC40C3602765C2DF00506D72 /* UnsplashUITests.xctest */,
			);
			name = Products;
			sourceTree = "<group>";
		};
		FC40C3482765C2DF00506D72 /* Unsplash */ = {
			isa = PBXGroup;
			children = (
				FC40C3492765C2DF00506D72 /* UnsplashApp.swift */,
				FC40C34B2765C2DF00506D72 /* ContentView.swift */,
				FC40C34D2765C2DF00506D72 /* Assets.xcassets */,
				FC40C34F2765C2DF00506D72 /* Preview Content */,
			);
			path = Unsplash;
			sourceTree = "<group>";
		};
		FC40C34F2765C2DF00506D72 /* Preview Content */ = {
			isa = PBXGroup;
			children = (
				FC40C3502765C2DF00506D72 /* Preview Assets.xcassets */,
			);
			path = "Preview Content";
			sourceTree = "<group>";
		};
		FC40C3592765C2DF00506D72 /* UnsplashTests */ = {
			isa = PBXGroup;
			children = (
				FC40C35A2765C2DF00506D72 /* UnsplashTests.swift */,
			);
			path = UnsplashTests;
			sourceTree = "<group>";
		};
		FC40C3632765C2DF00506D72 /* UnsplashUITests */ = {
			isa = PBXGroup;
			children = (
				FC40C3642765C2DF00506D72 /* UnsplashUITests.swift */,
				FC40C3662765C2DF00506D72 /* UnsplashUITestsLaunchTests.swift */,
			);
			path = UnsplashUITests;
			sourceTree = "<group>";
		};
/* End PBXGroup section */

/* Begin PBXNativeTarget section */
		FC40C3452765C2DF00506D72 /* Unsplash */ = {
			isa = PBXNativeTarget;
			buildConfigurationList = FC40C36A2765C2DF00506D72 /* Build configuration list for PBXNativeTarget "Unsplash" */;
			buildPhases = (
				FC40C3422765C2DF00506D72 /* Sources */,
				FC40C3432765C2DF00506D72 /* Frameworks */,
				FC40C3442765C2DF00506D72 /* Resources */,
			);
			buildRules = (
			);
			dependencies = (
			);
			name = Unsplash;
			productName = Unsplash;
			productReference = FC40C3462765C2DF00506D72 /* Unsplash.app */;
			productType = "com.apple.product-type.application";
		};
		FC40C3552765C2DF00506D72 /* UnsplashTests */ = {
			isa = PBXNativeTarget;
			buildConfigurationList = FC40C36D2765C2DF00506D72 /* Build configuration list for PBXNativeTarget "UnsplashTests" */;
			buildPhases = (
				FC40C3522765C2DF00506D72 /* Sources */,
				FC40C3532765C2DF00506D72 /* Frameworks */,
				FC40C3542765C2DF00506D72 /* Resources */,
			);
			buildRules = (
			);
			dependencies = (
				FC40C3582765C2DF00506D72 /* PBXTargetDependency */,
			);
			name = UnsplashTests;
			productName = UnsplashTests;
			productReference = FC40C3562765C2DF00506D72 /* UnsplashTests.xctest */;
			productType = "com.apple.product-type.bundle.unit-test";
		};
		FC40C35F2765C2DF00506D72 /* UnsplashUITests */ = {
			isa = PBXNativeTarget;
			buildConfigurationList = FC40C3702765C2DF00506D72 /* Build configuration list for PBXNativeTarget "UnsplashUITests" */;
			buildPhases = (
				FC40C35C2765C2DF00506D72 /* Sources */,
				FC40C35D2765C2DF00506D72 /* Frameworks */,
				FC40C35E2765C2DF00506D72 /* Resources */,
			);
			buildRules = (
			);
			dependencies = (
				FC40C3622765C2DF00506D72 /* PBXTargetDependency */,
			);
			name = UnsplashUITests;
			productName = UnsplashUITests;
			productReference = FC40C3602765C2DF00506D72 /* UnsplashUITests.xctest */;
			productType = "com.apple.product-type.bundle.ui-testing";
		};
/* End PBXNativeTarget section */

/* Begin PBXProject section */
		FC40C33E2765C2DF00506D72 /* Project object */ = {
			isa = PBXProject;
			attributes = {
				BuildIndependentTargetsInParallel = 1;
				LastSwiftUpdateCheck = 1300;
				LastUpgradeCheck = 1300;
				TargetAttributes = {
					FC40C3452765C2DF00506D72 = {
						CreatedOnToolsVersion = 13.0;
					};
					FC40C3552765C2DF00506D72 = {
						CreatedOnToolsVersion = 13.0;
						TestTargetID = FC40C3452765C2DF00506D72;
					};
					FC40C35F2765C2DF00506D72 = {
						CreatedOnToolsVersion = 13.0;
						TestTargetID = FC40C3452765C2DF00506D72;
					};
				};
			};
			buildConfigurationList = FC40C3412765C2DF00506D72 /* Build configuration list for PBXProject "Unsplash" */;
			compatibilityVersion = "Xcode 13.0";
			developmentRegion = en;
			hasScannedForEncodings = 0;
			knownRegions = (
				en,
				Base,
			);
			mainGroup = FC40C33D2765C2DF00506D72;
			productRefGroup = FC40C3472765C2DF00506D72 /* Products */;
			projectDirPath = "";
			projectRoot = "";
			targets = (
				FC40C3452765C2DF00506D72 /* Unsplash */,
				FC40C3552765C2DF00506D72 /* UnsplashTests */,
				FC40C35F2765C2DF00506D72 /* UnsplashUITests */,
			);
		};
/* End PBXProject section */

/* Begin PBXResourcesBuildPhase section */
		FC40C3442765C2DF00506D72 /* Resources */ = {
			isa = PBXResourcesBuildPhase;
			buildActionMask = 2147483647;
			files = (
				FC40C3512765C2DF00506D72 /* Preview Assets.xcassets in Resources */,
				FC40C34E2765C2DF00506D72 /* Assets.xcassets in Resources */,
			);
			runOnlyForDeploymentPostprocessing = 0;
		};
		FC40C3542765C2DF00506D72 /* Resources */ = {
			isa = PBXResourcesBuildPhase;
			buildActionMask = 2147483647;
			files = (
			);
			runOnlyForDeploymentPostprocessing = 0;
		};
		FC40C35E2765C2DF00506D72 /* Resources */ = {
			isa = PBXResourcesBuildPhase;
			buildActionMask = 2147483647;
			files = (
			);
			runOnlyForDeploymentPostprocessing = 0;
		};
/* End PBXResourcesBuildPhase section */

/* Begin PBXSourcesBuildPhase section */
		FC40C3422765C2DF00506D72 /* Sources */ = {
			isa = PBXSourcesBuildPhase;
			buildActionMask = 2147483647;
			files = (
				FC40C34C2765C2DF00506D72 /* ContentView.swift in Sources */,
				FC40C34A2765C2DF00506D72 /* UnsplashApp.swift in Sources */,
			);
			runOnlyForDeploymentPostprocessing = 0;
		};
		FC40C3522765C2DF00506D72 /* Sources */ = {
			isa = PBXSourcesBuildPhase;
			buildActionMask = 2147483647;
			files = (
				FC40C35B2765C2DF00506D72 /* UnsplashTests.swift in Sources */,
			);
			runOnlyForDeploymentPostprocessing = 0;
		};
		FC40C35C2765C2DF00506D72 /* Sources */ = {
			isa = PBXSourcesBuildPhase;
			buildActionMask = 2147483647;
			files = (
				FC40C3672765C2DF00506D72 /* UnsplashUITestsLaunchTests.swift in Sources */,
				FC40C3652765C2DF00506D72 /* UnsplashUITests.swift in Sources */,
			);
			runOnlyForDeploymentPostprocessing = 0;
		};
/* End PBXSourcesBuildPhase section */

/* Begin PBXTargetDependency section */
		FC40C3582765C2DF00506D72 /* PBXTargetDependency */ = {
			isa = PBXTargetDependency;
			target = FC40C3452765C2DF00506D72 /* Unsplash */;
			targetProxy = FC40C3572765C2DF00506D72 /* PBXContainerItemProxy */;
		};
		FC40C3622765C2DF00506D72 /* PBXTargetDependency */ = {
			isa = PBXTargetDependency;
			target = FC40C3452765C2DF00506D72 /* Unsplash */;
			targetProxy = FC40C3612765C2DF00506D72 /* PBXContainerItemProxy */;
		};
/* End PBXTargetDependency section */

/* Begin XCBuildConfiguration section */
		FC40C3682765C2DF00506D72 /* Debug */ = {
			isa = XCBuildConfiguration;
			buildSettings = {
				ALWAYS_SEARCH_USER_PATHS = NO;
				CLANG_ANALYZER_NONNULL = YES;
				CLANG_ANALYZER_NUMBER_OBJECT_CONVERSION = YES_AGGRESSIVE;
				CLANG_CXX_LANGUAGE_STANDARD = "gnu++17";
				CLANG_CXX_LIBRARY = "libc++";
				CLANG_ENABLE_MODULES = YES;
				CLANG_ENABLE_OBJC_ARC = YES;
				CLANG_ENABLE_OBJC_WEAK = YES;
				CLANG_WARN_BLOCK_CAPTURE_AUTORELEASING = YES;
				CLANG_WARN_BOOL_CONVERSION = YES;
				CLANG_WARN_COMMA = YES;
				CLANG_WARN_CONSTANT_CONVERSION = YES;
				CLANG_WARN_DEPRECATED_OBJC_IMPLEMENTATIONS = YES;
				CLANG_WARN_DIRECT_OBJC_ISA_USAGE = YES_ERROR;
				CLANG_WARN_DOCUMENTATION_COMMENTS = YES;
				CLANG_WARN_EMPTY_BODY = YES;
				CLANG_WARN_ENUM_CONVERSION = YES;
				CLANG_WARN_INFINITE_RECURSION = YES;
				CLANG_WARN_INT_CONVERSION = YES;
				CLANG_WARN_NON_LITERAL_NULL_CONVERSION = YES;
				CLANG_WARN_OBJC_IMPLICIT_RETAIN_SELF = YES;
				CLANG_WARN_OBJC_LITERAL_CONVERSION = YES;
				CLANG_WARN_OBJC_ROOT_CLASS = YES_ERROR;
				CLANG_WARN_QUOTED_INCLUDE_IN_FRAMEWORK_HEADER = YES;
				CLANG_WARN_RANGE_LOOP_ANALYSIS = YES;
				CLANG_WARN_STRICT_PROTOTYPES = YES;
				CLANG_WARN_SUSPICIOUS_MOVE = YES;
				CLANG_WARN_UNGUARDED_AVAILABILITY = YES_AGGRESSIVE;
				CLANG_WARN_UNREACHABLE_CODE = YES;
				CLANG_WARN__DUPLICATE_METHOD_MATCH = YES;
				COPY_PHASE_STRIP = NO;
				DEBUG_INFORMATION_FORMAT = dwarf;
				ENABLE_STRICT_OBJC_MSGSEND = YES;
				ENABLE_TESTABILITY = YES;
				GCC_C_LANGUAGE_STANDARD = gnu11;
				GCC_DYNAMIC_NO_PIC = NO;
				GCC_NO_COMMON_BLOCKS = YES;
				GCC_OPTIMIZATION_LEVEL = 0;
				GCC_PREPROCESSOR_DEFINITIONS = (
					"DEBUG=1",
					"$(inherited)",
				);
				GCC_WARN_64_TO_32_BIT_CONVERSION = YES;
				GCC_WARN_ABOUT_RETURN_TYPE = YES_ERROR;
				GCC_WARN_UNDECLARED_SELECTOR = YES;
				GCC_WARN_UNINITIALIZED_AUTOS = YES_AGGRESSIVE;
				GCC_WARN_UNUSED_FUNCTION = YES;
				GCC_WARN_UNUSED_VARIABLE = YES;
				IPHONEOS_DEPLOYMENT_TARGET = 15.0;
				MTL_ENABLE_DEBUG_INFO = INCLUDE_SOURCE;
				MTL_FAST_MATH = YES;
				ONLY_ACTIVE_ARCH = YES;
				SDKROOT = iphoneos;
				SWIFT_ACTIVE_COMPILATION_CONDITIONS = DEBUG;
				SWIFT_OPTIMIZATION_LEVEL = "-Onone";
			};
			name = Debug;
		};
		FC40C3692765C2DF00506D72 /* Release */ = {
			isa = XCBuildConfiguration;
			buildSettings = {
				ALWAYS_SEARCH_USER_PATHS = NO;
				CLANG_ANALYZER_NONNULL = YES;
				CLANG_ANALYZER_NUMBER_OBJECT_CONVERSION = YES_AGGRESSIVE;
				CLANG_CXX_LANGUAGE_STANDARD = "gnu++17";
				CLANG_CXX_LIBRARY = "libc++";
				CLANG_ENABLE_MODULES = YES;
				CLANG_ENABLE_OBJC_ARC = YES;
				CLANG_ENABLE_OBJC_WEAK = YES;
				CLANG_WARN_BLOCK_CAPTURE_AUTORELEASING = YES;
				CLANG_WARN_BOOL_CONVERSION = YES;
				CLANG_WARN_COMMA = YES;
				CLANG_WARN_CONSTANT_CONVERSION = YES;
				CLANG_WARN_DEPRECATED_OBJC_IMPLEMENTATIONS = YES;
				CLANG_WARN_DIRECT_OBJC_ISA_USAGE = YES_ERROR;
				CLANG_WARN_DOCUMENTATION_COMMENTS = YES;
				CLANG_WARN_EMPTY_BODY = YES;
				CLANG_WARN_ENUM_CONVERSION = YES;
				CLANG_WARN_INFINITE_RECURSION = YES;
				CLANG_WARN_INT_CONVERSION = YES;
				CLANG_WARN_NON_LITERAL_NULL_CONVERSION = YES;
				CLANG_WARN_OBJC_IMPLICIT_RETAIN_SELF = YES;
				CLANG_WARN_OBJC_LITERAL_CONVERSION = YES;
				CLANG_WARN_OBJC_ROOT_CLASS = YES_ERROR;
				CLANG_WARN_QUOTED_INCLUDE_IN_FRAMEWORK_HEADER = YES;
				CLANG_WARN_RANGE_LOOP_ANALYSIS = YES;
				CLANG_WARN_STRICT_PROTOTYPES = YES;
				CLANG_WARN_SUSPICIOUS_MOVE = YES;
				CLANG_WARN_UNGUARDED_AVAILABILITY = YES_AGGRESSIVE;
				CLANG_WARN_UNREACHABLE_CODE = YES;
				CLANG_WARN__DUPLICATE_METHOD_MATCH = YES;
				COPY_PHASE_STRIP = NO;
				DEBUG_INFORMATION_FORMAT = "dwarf-with-dsym";
				ENABLE_NS_ASSERTIONS = NO;
				ENABLE_STRICT_OBJC_MSGSEND = YES;
				GCC_C_LANGUAGE_STANDARD = gnu11;
				GCC_NO_COMMON_BLOCKS = YES;
				GCC_WARN_64_TO_32_BIT_CONVERSION = YES;
				GCC_WARN_ABOUT_RETURN_TYPE = YES_ERROR;
				GCC_WARN_UNDECLARED_SELECTOR = YES;
				GCC_WARN_UNINITIALIZED_AUTOS = YES_AGGRESSIVE;
				GCC_WARN_UNUSED_FUNCTION = YES;
				GCC_WARN_UNUSED_VARIABLE = YES;
				IPHONEOS_DEPLOYMENT_TARGET = 15.0;
				MTL_ENABLE_DEBUG_INFO = NO;
				MTL_FAST_MATH = YES;
				SDKROOT = iphoneos;
				SWIFT_COMPILATION_MODE = wholemodule;
				SWIFT_OPTIMIZATION_LEVEL = "-O";
				VALIDATE_PRODUCT = YES;
			};
			name = Release;
		};
		FC40C36B2765C2DF00506D72 /* Debug */ = {
			isa = XCBuildConfiguration;
			buildSettings = {
				ASSETCATALOG_COMPILER_APPICON_NAME = AppIcon;
				ASSETCATALOG_COMPILER_GLOBAL_ACCENT_COLOR_NAME = AccentColor;
				CODE_SIGN_STYLE = Automatic;
				CURRENT_PROJECT_VERSION = 1;
				DEVELOPMENT_ASSET_PATHS = "\"Unsplash/Preview Content\"";
				ENABLE_PREVIEWS = YES;
				GENERATE_INFOPLIST_FILE = YES;
				INFOPLIST_KEY_UIApplicationSceneManifest_Generation = YES;
				INFOPLIST_KEY_UIApplicationSupportsIndirectInputEvents = YES;
				INFOPLIST_KEY_UILaunchScreen_Generation = YES;
				INFOPLIST_KEY_UISupportedInterfaceOrientations_iPad = "UIInterfaceOrientationPortrait UIInterfaceOrientationPortraitUpsideDown UIInterfaceOrientationLandscapeLeft UIInterfaceOrientationLandscapeRight";
				INFOPLIST_KEY_UISupportedInterfaceOrientations_iPhone = "UIInterfaceOrientationPortrait UIInterfaceOrientationLandscapeLeft UIInterfaceOrientationLandscapeRight";
				IPHONEOS_DEPLOYMENT_TARGET = 14.0;
				LD_RUNPATH_SEARCH_PATHS = (
					"$(inherited)",
					"@executable_path/Frameworks",
				);
				MARKETING_VERSION = 1.0;
				PRODUCT_BUNDLE_IDENTIFIER = com.team2.Unsplash;
				PRODUCT_NAME = "$(TARGET_NAME)";
				SWIFT_EMIT_LOC_STRINGS = YES;
				SWIFT_VERSION = 5.0;
				TARGETED_DEVICE_FAMILY = "1,2";
			};
			name = Debug;
		};
		FC40C36C2765C2DF00506D72 /* Release */ = {
			isa = XCBuildConfiguration;
			buildSettings = {
				ASSETCATALOG_COMPILER_APPICON_NAME = AppIcon;
				ASSETCATALOG_COMPILER_GLOBAL_ACCENT_COLOR_NAME = AccentColor;
				CODE_SIGN_STYLE = Automatic;
				CURRENT_PROJECT_VERSION = 1;
				DEVELOPMENT_ASSET_PATHS = "\"Unsplash/Preview Content\"";
				ENABLE_PREVIEWS = YES;
				GENERATE_INFOPLIST_FILE = YES;
				INFOPLIST_KEY_UIApplicationSceneManifest_Generation = YES;
				INFOPLIST_KEY_UIApplicationSupportsIndirectInputEvents = YES;
				INFOPLIST_KEY_UILaunchScreen_Generation = YES;
				INFOPLIST_KEY_UISupportedInterfaceOrientations_iPad = "UIInterfaceOrientationPortrait UIInterfaceOrientationPortraitUpsideDown UIInterfaceOrientationLandscapeLeft UIInterfaceOrientationLandscapeRight";
				INFOPLIST_KEY_UISupportedInterfaceOrientations_iPhone = "UIInterfaceOrientationPortrait UIInterfaceOrientationLandscapeLeft UIInterfaceOrientationLandscapeRight";
				IPHONEOS_DEPLOYMENT_TARGET = 14.0;
				LD_RUNPATH_SEARCH_PATHS = (
					"$(inherited)",
					"@executable_path/Frameworks",
				);
				MARKETING_VERSION = 1.0;
				PRODUCT_BUNDLE_IDENTIFIER = com.team2.Unsplash;
				PRODUCT_NAME = "$(TARGET_NAME)";
				SWIFT_EMIT_LOC_STRINGS = YES;
				SWIFT_VERSION = 5.0;
				TARGETED_DEVICE_FAMILY = "1,2";
			};
			name = Release;
		};
		FC40C36E2765C2DF00506D72 /* Debug */ = {
			isa = XCBuildConfiguration;
			buildSettings = {
				ALWAYS_EMBED_SWIFT_STANDARD_LIBRARIES = YES;
				BUNDLE_LOADER = "$(TEST_HOST)";
				CODE_SIGN_STYLE = Automatic;
				CURRENT_PROJECT_VERSION = 1;
				GENERATE_INFOPLIST_FILE = YES;
				IPHONEOS_DEPLOYMENT_TARGET = 14.0;
				LD_RUNPATH_SEARCH_PATHS = (
					"$(inherited)",
					"@executable_path/Frameworks",
					"@loader_path/Frameworks",
				);
				MARKETING_VERSION = 1.0;
				PRODUCT_BUNDLE_IDENTIFIER = com.team2.UnsplashTests;
				PRODUCT_NAME = "$(TARGET_NAME)";
				SWIFT_EMIT_LOC_STRINGS = NO;
				SWIFT_VERSION = 5.0;
				TARGETED_DEVICE_FAMILY = "1,2";
				TEST_HOST = "$(BUILT_PRODUCTS_DIR)/Unsplash.app/Unsplash";
			};
			name = Debug;
		};
		FC40C36F2765C2DF00506D72 /* Release */ = {
			isa = XCBuildConfiguration;
			buildSettings = {
				ALWAYS_EMBED_SWIFT_STANDARD_LIBRARIES = YES;
				BUNDLE_LOADER = "$(TEST_HOST)";
				CODE_SIGN_STYLE = Automatic;
				CURRENT_PROJECT_VERSION = 1;
				GENERATE_INFOPLIST_FILE = YES;
				IPHONEOS_DEPLOYMENT_TARGET = 14.0;
				LD_RUNPATH_SEARCH_PATHS = (
					"$(inherited)",
					"@executable_path/Frameworks",
					"@loader_path/Frameworks",
				);
				MARKETING_VERSION = 1.0;
				PRODUCT_BUNDLE_IDENTIFIER = com.team2.UnsplashTests;
				PRODUCT_NAME = "$(TARGET_NAME)";
				SWIFT_EMIT_LOC_STRINGS = NO;
				SWIFT_VERSION = 5.0;
				TARGETED_DEVICE_FAMILY = "1,2";
				TEST_HOST = "$(BUILT_PRODUCTS_DIR)/Unsplash.app/Unsplash";
			};
			name = Release;
		};
		FC40C3712765C2DF00506D72 /* Debug */ = {
			isa = XCBuildConfiguration;
			buildSettings = {
				ALWAYS_EMBED_SWIFT_STANDARD_LIBRARIES = YES;
				CODE_SIGN_STYLE = Automatic;
				CURRENT_PROJECT_VERSION = 1;
				GENERATE_INFOPLIST_FILE = YES;
				LD_RUNPATH_SEARCH_PATHS = (
					"$(inherited)",
					"@executable_path/Frameworks",
					"@loader_path/Frameworks",
				);
				MARKETING_VERSION = 1.0;
				PRODUCT_BUNDLE_IDENTIFIER = com.team2.UnsplashUITests;
				PRODUCT_NAME = "$(TARGET_NAME)";
				SWIFT_EMIT_LOC_STRINGS = NO;
				SWIFT_VERSION = 5.0;
				TARGETED_DEVICE_FAMILY = "1,2";
				TEST_TARGET_NAME = Unsplash;
			};
			name = Debug;
		};
		FC40C3722765C2DF00506D72 /* Release */ = {
			isa = XCBuildConfiguration;
			buildSettings = {
				ALWAYS_EMBED_SWIFT_STANDARD_LIBRARIES = YES;
				CODE_SIGN_STYLE = Automatic;
				CURRENT_PROJECT_VERSION = 1;
				GENERATE_INFOPLIST_FILE = YES;
				LD_RUNPATH_SEARCH_PATHS = (
					"$(inherited)",
					"@executable_path/Frameworks",
					"@loader_path/Frameworks",
				);
				MARKETING_VERSION = 1.0;
				PRODUCT_BUNDLE_IDENTIFIER = com.team2.UnsplashUITests;
				PRODUCT_NAME = "$(TARGET_NAME)";
				SWIFT_EMIT_LOC_STRINGS = NO;
				SWIFT_VERSION = 5.0;
				TARGETED_DEVICE_FAMILY = "1,2";
				TEST_TARGET_NAME = Unsplash;
			};
			name = Release;
		};
/* End XCBuildConfiguration section */

/* Begin XCConfigurationList section */
		FC40C3412765C2DF00506D72 /* Build configuration list for PBXProject "Unsplash" */ = {
			isa = XCConfigurationList;
			buildConfigurations = (
				FC40C3682765C2DF00506D72 /* Debug */,
				FC40C3692765C2DF00506D72 /* Release */,
			);
			defaultConfigurationIsVisible = 0;
			defaultConfigurationName = Release;
		};
		FC40C36A2765C2DF00506D72 /* Build configuration list for PBXNativeTarget "Unsplash" */ = {
			isa = XCConfigurationList;
			buildConfigurations = (
				FC40C36B2765C2DF00506D72 /* Debug */,
				FC40C36C2765C2DF00506D72 /* Release */,
			);
			defaultConfigurationIsVisible = 0;
			defaultConfigurationName = Release;
		};
		FC40C36D2765C2DF00506D72 /* Build configuration list for PBXNativeTarget "UnsplashTests" */ = {
			isa = XCConfigurationList;
			buildConfigurations = (
				FC40C36E2765C2DF00506D72 /* Debug */,
				FC40C36F2765C2DF00506D72 /* Release */,
			);
			defaultConfigurationIsVisible = 0;
			defaultConfigurationName = Release;
		};
		FC40C3702765C2DF00506D72 /* Build configuration list for PBXNativeTarget "UnsplashUITests" */ = {
			isa = XCConfigurationList;
			buildConfigurations = (
				FC40C3712765C2DF00506D72 /* Debug */,
				FC40C3722765C2DF00506D72 /* Release */,
			);
			defaultConfigurationIsVisible = 0;
			defaultConfigurationName = Release;
		};
/* End XCConfigurationList section */
	};
	rootObject = FC40C33E2765C2DF00506D72 /* Project object */;
}
